# @generated - this file is auto-generated by `mise lock` https://mise.jdx.dev/dev-tools/mise-lock.html

lockfile_version = 3

[[tools."aqua:taiki-e/cargo-llvm-cov"]]
version = "0.9.1"
backend = "aqua:taiki-e/cargo-llvm-cov"
specifiers = ["0.9.1"]

[tools."aqua:taiki-e/cargo-llvm-cov"."platforms.linux-arm64"]
checksum = "sha256:abf5f13c1520f8756d2192bfaaeadb0208f5b7eaa8cadc15bf847befa42b7360"
url = "https://github.com/taiki-e/cargo-llvm-cov/releases/download/v0.9.1/cargo-llvm-cov-aarch64-unknown-linux-gnu.tar.gz"
url_api = "https://api.github.com/repos/taiki-e/cargo-llvm-cov/releases/assets/547403281"
provenance = "github-attestations"

[tools."aqua:taiki-e/cargo-llvm-cov"."platforms.linux-arm64-musl"]
checksum = "sha256:49c0085628392a8d727c4464d91ec417c613c5015f5197cd16d5c05aa3fb5ad1"
url = "https://github.com/taiki-e/cargo-llvm-cov/releases/download/v0.9.1/cargo-llvm-cov-aarch64-unknown-linux-musl.tar.gz"
url_api = "https://api.github.com/repos/taiki-e/cargo-llvm-cov/releases/assets/547403283"
provenance = "github-attestations"

[tools."aqua:taiki-e/cargo-llvm-cov"."platforms.linux-x64"]
checksum = "sha256:b3f68e625481fed9b16444174f3fa5ebcdbde4a1878803a35eabe2dcefcdc41a"
url = "https://github.com/taiki-e/cargo-llvm-cov/releases/download/v0.9.1/cargo-llvm-cov-x86_64-unknown-linux-gnu.tar.gz"
url_api = "https://api.github.com/repos/taiki-e/cargo-llvm-cov/releases/assets/547403171"
provenance = "github-attestations"

[tools."aqua:taiki-e/cargo-llvm-cov"."platforms.linux-x64-musl"]
checksum = "sha256:3fca950394a3c49457657c158b1619cec8dfd2647ae5b48746734c0ab969a522"
url = "https://github.com/taiki-e/cargo-llvm-cov/releases/download/v0.9.1/cargo-llvm-cov-x86_64-unknown-linux-musl.tar.gz"
url_api = "https://api.github.com/repos/taiki-e/cargo-llvm-cov/releases/assets/547403186"
provenance = "github-attestations"

[tools."aqua:taiki-e/cargo-llvm-cov"."platforms.macos-arm64"]
checksum = "sha256:7e821a6c90c0884f79f759f5d9be50799ade67bb82515186d922f26032ef43b8"
url = "https://github.com/taiki-e/cargo-llvm-cov/releases/download/v0.9.1/cargo-llvm-cov-aarch64-apple-darwin.tar.gz"
url_api = "https://api.github.com/repos/taiki-e/cargo-llvm-cov/releases/assets/547403359"
provenance = "github-attestations"

[tools."aqua:taiki-e/cargo-llvm-cov"."platforms.macos-x64"]
checksum = "sha256:ddf949b82a63017441ea76aa068bdd7e2dde8055f47cd3ef736fdbbd633bc33e"
url = "https://github.com/taiki-e/cargo-llvm-cov/releases/download/v0.9.1/cargo-llvm-cov-x86_64-apple-darwin.tar.gz"
url_api = "https://api.github.com/repos/taiki-e/cargo-llvm-cov/releases/assets/547403156"
provenance = "github-attestations"

[tools."aqua:taiki-e/cargo-llvm-cov"."platforms.windows-arm64"]
checksum = "sha256:15eefd5b90fcdd4006b727c6e710d70a61aff509fcd7bb37f9c2a35c4f024948"
url = "https://github.com/taiki-e/cargo-llvm-cov/releases/download/v0.9.1/cargo-llvm-cov-x86_64-pc-windows-msvc.tar.gz"
url_api = "https://api.github.com/repos/taiki-e/cargo-llvm-cov/releases/assets/547404213"
provenance = "github-attestations"

[tools."aqua:taiki-e/cargo-llvm-cov"."platforms.windows-x64"]
checksum = "sha256:15eefd5b90fcdd4006b727c6e710d70a61aff509fcd7bb37f9c2a35c4f024948"
url = "https://github.com/taiki-e/cargo-llvm-cov/releases/download/v0.9.1/cargo-llvm-cov-x86_64-pc-windows-msvc.tar.gz"
url_api = "https://api.github.com/repos/taiki-e/cargo-llvm-cov/releases/assets/547404213"
provenance = "github-attestations"

[[tools."cargo:export-cef-dir"]]
version = "154.3.0"
backend = "cargo:export-cef-dir"
specifiers = ["154.3.0"]

[[tools.godot]]
version = "4.5-stable"
backend = "github:godotengine/godot"
specifiers = ["4.5-stable"]

[tools.godot.options]
matching_regex = '^Godot_v[^_]+_(linux\.|macos\.|win64|windows_arm64)'

[tools.godot."platforms.linux-arm64"]
checksum = "sha256:f9f167c0a19cc84385b508c12bd0e7a290dd21a639bce2ed6dcf4647af796589"
url = "https://github.com/godotengine/godot/releases/download/4.5-stable/Godot_v4.5-stable_linux.arm64.zip"
url_api = "https://api.github.com/repos/godotengine/godot/releases/assets/293572311"

[tools.godot."platforms.linux-arm64-musl"]
checksum = "sha256:f9f167c0a19cc84385b508c12bd0e7a290dd21a639bce2ed6dcf4647af796589"
url = "https://github.com/godotengine/godot/releases/download/4.5-stable/Godot_v4.5-stable_linux.arm64.zip"
url_api = "https://api.github.com/repos/godotengine/godot/releases/assets/293572311"

[tools.godot."platforms.linux-x64"]
checksum = "sha256:c7316e1fd782ad276a4d985a7673b5976eaaa8d90561a2bea5289210dc53e9ba"
url = "https://github.com/godotengine/godot/releases/download/4.5-stable/Godot_v4.5-stable_linux.x86_64.zip"
url_api = "https://api.github.com/repos/godotengine/godot/releases/assets/293572485"

[tools.godot."platforms.linux-x64-musl"]
checksum = "sha256:c7316e1fd782ad276a4d985a7673b5976eaaa8d90561a2bea5289210dc53e9ba"
url = "https://github.com/godotengine/godot/releases/download/4.5-stable/Godot_v4.5-stable_linux.x86_64.zip"
url_api = "https://api.github.com/repos/godotengine/godot/releases/assets/293572485"

[tools.godot."platforms.macos-arm64"]
checksum = "sha256:abb7cabe99fead0bd63ce03bd8c611734b2941f9b90051e8e3b5c6691527954d"
url = "https://github.com/godotengine/godot/releases/download/4.5-stable/Godot_v4.5-stable_macos.universal.zip"
url_api = "https://api.github.com/repos/godotengine/godot/releases/assets/293572605"

[tools.godot."platforms.macos-x64"]
checksum = "sha256:abb7cabe99fead0bd63ce03bd8c611734b2941f9b90051e8e3b5c6691527954d"
url = "https://github.com/godotengine/godot/releases/download/4.5-stable/Godot_v4.5-stable_macos.universal.zip"
url_api = "https://api.github.com/repos/godotengine/godot/releases/assets/293572605"

[tools.godot."platforms.windows-arm64"]
checksum = "sha256:6723b99f5b8b7aff5be5ca21e641d3e685a3182a2954b6b9658e80bf55ca113e"
url = "https://github.com/godotengine/godot/releases/download/4.5-stable/Godot_v4.5-stable_windows_arm64.exe.zip"
url_api = "https://api.github.com/repos/godotengine/godot/releases/assets/293572907"

[tools.godot."platforms.windows-x64"]
checksum = "sha256:303206071cb8be502cfa5b1e2b37b848c280347c03f78dcc2eb8a630857f7d10"
url = "https://github.com/godotengine/godot/releases/download/4.5-stable/Godot_v4.5-stable_win64.exe.zip"
url_api = "https://api.github.com/repos/godotengine/godot/releases/assets/293572811"

[[tools.node]]
version = "26.10.0"
backend = "core:node"
specifiers = ["26"]

[tools.node."platforms.linux-arm64"]
checksum = "sha256:423a41bff8e2a2fa15e702fefe2919ef95823b2378744daccb8439302534b44f"
url = "https://nodejs.org/dist/v26.10.0/node-v26.10.0-linux-arm64.tar.gz"

[tools.node."platforms.linux-arm64-musl"]
checksum = "sha256:d26027bff3197050d2a2b0bfa151b18e8378ed81affa2bf5093804db158979b6"
url = "https://unofficial-builds.nodejs.org/download/release/v26.10.0/node-v26.10.0-linux-arm64-musl.tar.gz"

[tools.node."platforms.linux-x64"]
checksum = "sha256:cb5c9ce9c80d7b8821e3a258543c71b939138cf17c74d5cc44bbe85d6dbc5ad8"
url = "https://nodejs.org/dist/v26.10.0/node-v26.10.0-linux-x64.tar.gz"

[tools.node."platforms.linux-x64-musl"]
checksum = "sha256:e42da94821b9422eb76bf5aaf4de0977e04ba320b8aff6148d895a94b08ee223"
url = "https://unofficial-builds.nodejs.org/download/release/v26.10.0/node-v26.10.0-linux-x64-musl.tar.gz"

[tools.node."platforms.macos-arm64"]
checksum = "sha256:751fdf7439f115d87ee2a8f3f18c065b6151852068e3e666ac60ac2996f75ac9"
url = "https://nodejs.org/dist/v26.10.0/node-v26.10.0-darwin-arm64.tar.gz"

[tools.node."platforms.macos-x64"]
checksum = "sha256:ebbe9ab9b58ad6bb54390d6e2c862c1afa7d4475fb7e8ae8146acde211bf70df"
url = "https://nodejs.org/dist/v26.10.0/node-v26.10.0-darwin-x64.tar.gz"

[tools.node."platforms.windows-arm64"]
checksum = "sha256:b778640d7271566bcaa9679912cdf0684c13e824c114e41a8b696fb14af7a7aa"
url = "https://nodejs.org/dist/v26.10.0/node-v26.10.0-win-arm64.zip"

[tools.node."platforms.windows-x64"]
checksum = "sha256:9fef7eca6743a6b910989cd8e78712376b394fcb9b6e1e9c44a0799a287f90c5"
url = "https://nodejs.org/dist/v26.10.0/node-v26.10.0-win-x64.zip"

[[tools.pnpm]]
version = "12.8.1"
backend = "aqua:pnpm/pnpm"
specifiers = ["latest"]

[tools.pnpm."platforms.linux-arm64"]
checksum = "sha256:75c5e34d3164fe3d3549580b1b1b59c9dd16543e558dec722b686193cdb7dfa1"
url = "https://github.com/pnpm/pnpm/releases/download/v12.8.1/pnpm-linux-arm64.tar.gz"
url_api = "https://api.github.com/repos/pnpm/pnpm/releases/assets/595935899"
provenance = "github-attestations"

[tools.pnpm."platforms.linux-arm64-musl"]
checksum = "sha256:27ad77bdf5368c1747f46fff0d0ee213ed6185aaf69e13342964f5f7cc3f8714"
url = "https://github.com/pnpm/pnpm/releases/download/v12.8.1/pnpm-linux-arm64-musl.tar.gz"
url_api = "https://api.github.com/repos/pnpm/pnpm/releases/assets/595935889"
provenance = "github-attestations"

[tools.pnpm."platforms.linux-x64"]
checksum = "sha256:db3906881f63e41b655e3b97d473603dc26326c2470d0b1b8083689e1bcbd1e8"
url = "https://github.com/pnpm/pnpm/releases/download/v12.8.1/pnpm-linux-x64.tar.gz"
url_api = "https://api.github.com/repos/pnpm/pnpm/releases/assets/595935887"
provenance = "github-attestations"

[tools.pnpm."platforms.linux-x64-musl"]
checksum = "sha256:f0a2db13d0a1b63c0053a5ddcfbf5c454b040e7ef54ca8771750e2cb55b86693"
url = "https://github.com/pnpm/pnpm/releases/download/v12.8.1/pnpm-linux-x64-musl.tar.gz"
url_api = "https://api.github.com/repos/pnpm/pnpm/releases/assets/595935901"
provenance = "github-attestations"

[tools.pnpm."platforms.macos-arm64"]
checksum = "sha256:8eeeae4cd714b2f1755750d303f5b1bcfe23d95ed7245536305d0c3877c5ce41"
url = "https://github.com/pnpm/pnpm/releases/download/v12.8.1/pnpm-darwin-arm64.tar.gz"
url_api = "https://api.github.com/repos/pnpm/pnpm/releases/assets/595935883"
provenance = "github-attestations"

[tools.pnpm."platforms.macos-x64"]
checksum = "sha256:8cbc5a840b4bcd8c0da878e6616a832d88e98a8acbedf1736310b395467f4a13"
url = "https://github.com/pnpm/pnpm/releases/download/v12.8.1/pnpm-darwin-x64.tar.gz"
url_api = "https://api.github.com/repos/pnpm/pnpm/releases/assets/595935890"
provenance = "github-attestations"

[tools.pnpm."platforms.windows-arm64"]
checksum = "sha256:e994ae2e82cd65fb7f0918414c9fcc104dc45782002db54e75e05c7bbb0c81b2"
url = "https://github.com/pnpm/pnpm/releases/download/v12.8.1/pnpm-win32-arm64.zip"
url_api = "https://api.github.com/repos/pnpm/pnpm/releases/assets/595935900"
provenance = "github-attestations"

[tools.pnpm."platforms.windows-x64"]
checksum = "sha256:823fc131326afeee292e113e2299ca9851c3ee5148a7de921c897f0170de6f05"
url = "https://github.com/pnpm/pnpm/releases/download/v12.8.1/pnpm-win32-x64.zip"
url_api = "https://api.github.com/repos/pnpm/pnpm/releases/assets/595935888"
provenance = "github-attestations"

[[tools.rust]]
version = "nightly-2026-10-03"
backend = "core:rust"
specifiers = ["nightly"]

[tools.rust.options]
components = "clippy,rustfmt"
