# @generated - this file is auto-generated by `mise lock` https://mise.jdx.dev/dev-tools/mise-lock.html

lockfile_version = 3

[[tools."aqua:taiki-e/cargo-llvm-cov"]]
version = "0.9.1"
backend = "aqua:taiki-e/cargo-llvm-cov"
specifiers = ["0.9.1"]

[tools."aqua:taiki-e/cargo-llvm-cov"."platforms.linux-arm64"]
checksum = "sha256:abf5f13c1520f8756d2192bfaaeadb0208f5b7eaa8cadc15bf847befa42b7360"
url = "https://github.com/taiki-e/cargo-llvm-cov/releases/download/v0.9.1/cargo-llvm-cov-aarch64-unknown-linux-gnu.tar.gz"
url_api = "https://api.github.com/repos/taiki-e/cargo-llvm-cov/releases/assets/547403281"
provenance = "github-attestations"

[tools."aqua:taiki-e/cargo-llvm-cov"."platforms.linux-arm64-musl"]
checksum = "sha256:49c0085628392a8d727c4464d91ec417c613c5015f5197cd16d5c05aa3fb5ad1"
url = "https://github.com/taiki-e/cargo-llvm-cov/releases/download/v0.9.1/cargo-llvm-cov-aarch64-unknown-linux-musl.tar.gz"
url_api = "https://api.github.com/repos/taiki-e/cargo-llvm-cov/releases/assets/547403283"
provenance = "github-attestations"

[tools."aqua:taiki-e/cargo-llvm-cov"."platforms.linux-x64"]
checksum = "sha256:b3f68e625481fed9b16444174f3fa5ebcdbde4a1878803a35eabe2dcefcdc41a"
url = "https://github.com/taiki-e/cargo-llvm-cov/releases/download/v0.9.1/cargo-llvm-cov-x86_64-unknown-linux-gnu.tar.gz"
url_api = "https://api.github.com/repos/taiki-e/cargo-llvm-cov/releases/assets/547403171"
provenance = "github-attestations"

[tools."aqua:taiki-e/cargo-llvm-cov"."platforms.linux-x64-musl"]
checksum = "sha256:3fca950394a3c49457657c158b1619cec8dfd2647ae5b48746734c0ab969a522"
url = "https://github.com/taiki-e/cargo-llvm-cov/releases/download/v0.9.1/cargo-llvm-cov-x86_64-unknown-linux-musl.tar.gz"
url_api = "https://api.github.com/repos/taiki-e/cargo-llvm-cov/releases/assets/547403186"
provenance = "github-attestations"

[tools."aqua:taiki-e/cargo-llvm-cov"."platforms.macos-arm64"]
checksum = "sha256:7e821a6c90c0884f79f759f5d9be50799ade67bb82515186d922f26032ef43b8"
url = "https://github.com/taiki-e/cargo-llvm-cov/releases/download/v0.9.1/cargo-llvm-cov-aarch64-apple-darwin.tar.gz"
url_api = "https://api.github.com/repos/taiki-e/cargo-llvm-cov/releases/assets/547403359"
provenance = "github-attestations"

[tools."aqua:taiki-e/cargo-llvm-cov"."platforms.macos-x64"]
checksum = "sha256:ddf949b82a63017441ea76aa068bdd7e2dde8055f47cd3ef736fdbbd633bc33e"
url = "https://github.com/taiki-e/cargo-llvm-cov/releases/download/v0.9.1/cargo-llvm-cov-x86_64-apple-darwin.tar.gz"
url_api = "https://api.github.com/repos/taiki-e/cargo-llvm-cov/releases/assets/547403156"
provenance = "github-attestations"

[tools."aqua:taiki-e/cargo-llvm-cov"."platforms.windows-arm64"]
checksum = "sha256:15eefd5b90fcdd4006b727c6e710d70a61aff509fcd7bb37f9c2a35c4f024948"
url = "https://github.com/taiki-e/cargo-llvm-cov/releases/download/v0.9.1/cargo-llvm-cov-x86_64-pc-windows-msvc.tar.gz"
url_api = "https://api.github.com/repos/taiki-e/cargo-llvm-cov/releases/assets/547404213"
provenance = "github-attestations"

[tools."aqua:taiki-e/cargo-llvm-cov"."platforms.windows-x64"]
checksum = "sha256:15eefd5b90fcdd4006b727c6e710d70a61aff509fcd7bb37f9c2a35c4f024948"
url = "https://github.com/taiki-e/cargo-llvm-cov/releases/download/v0.9.1/cargo-llvm-cov-x86_64-pc-windows-msvc.tar.gz"
url_api = "https://api.github.com/repos/taiki-e/cargo-llvm-cov/releases/assets/547404213"
provenance = "github-attestations"

[[tools."cargo:export-cef-dir"]]
version = "154.5.0"
backend = "cargo:export-cef-dir"
specifiers = ["154.5.0"]

[[tools.godot]]
version = "4.6-stable"
backend = "github:godotengine/godot"
specifiers = ["4.6-stable"]

[tools.godot.options]
matching_regex = '^Godot_v[^_]+_(linux\.|macos\.|win64|windows_arm64)'

[tools.godot."platforms.linux-arm64"]
checksum = "sha256:6c4bcb78a760f4b3bd958d0ca92496b0d5929540a0d29b0f315087a96226714a"
url = "https://github.com/godotengine/godot/releases/download/4.6-stable/Godot_v4.6-stable_linux.arm64.zip"
url_api = "https://api.github.com/repos/godotengine/godot/releases/assets/346104791"

[tools.godot."platforms.linux-arm64-musl"]
checksum = "sha256:6c4bcb78a760f4b3bd958d0ca92496b0d5929540a0d29b0f315087a96226714a"
url = "https://github.com/godotengine/godot/releases/download/4.6-stable/Godot_v4.6-stable_linux.arm64.zip"
url_api = "https://api.github.com/repos/godotengine/godot/releases/assets/346104791"

[tools.godot."platforms.linux-x64"]
checksum = "sha256:6bcc59dfd1d670e918c77eae06e82b9dc5699de13d353dc3a4b3b6b307b6dc06"
url = "https://github.com/godotengine/godot/releases/download/4.6-stable/Godot_v4.6-stable_linux.x86_64.zip"
url_api = "https://api.github.com/repos/godotengine/godot/releases/assets/346104933"

[tools.godot."platforms.linux-x64-musl"]
checksum = "sha256:6bcc59dfd1d670e918c77eae06e82b9dc5699de13d353dc3a4b3b6b307b6dc06"
url = "https://github.com/godotengine/godot/releases/download/4.6-stable/Godot_v4.6-stable_linux.x86_64.zip"
url_api = "https://api.github.com/repos/godotengine/godot/releases/assets/346104933"

[tools.godot."platforms.macos-arm64"]
checksum = "sha256:fc15ceb6280420f117ab4ef62332654db0088078faeeb9025dd814276185ed3b"
url = "https://github.com/godotengine/godot/releases/download/4.6-stable/Godot_v4.6-stable_macos.universal.zip"
url_api = "https://api.github.com/repos/godotengine/godot/releases/assets/346105092"

[tools.godot."platforms.macos-x64"]
checksum = "sha256:fc15ceb6280420f117ab4ef62332654db0088078faeeb9025dd814276185ed3b"
url = "https://github.com/godotengine/godot/releases/download/4.6-stable/Godot_v4.6-stable_macos.universal.zip"
url_api = "https://api.github.com/repos/godotengine/godot/releases/assets/346105092"

[tools.godot."platforms.windows-arm64"]
checksum = "sha256:b726f40bd6014068ec3f9d3a8e0b10b574636c38d1b421a187776b7d63b3b7d8"
url = "https://github.com/godotengine/godot/releases/download/4.6-stable/Godot_v4.6-stable_windows_arm64.exe.zip"
url_api = "https://api.github.com/repos/godotengine/godot/releases/assets/346105494"

[tools.godot."platforms.windows-x64"]
checksum = "sha256:5c9177625c0dca18c92ba6328203c7b5a9596c85ef9d7c968396f0272d8f10d9"
url = "https://github.com/godotengine/godot/releases/download/4.6-stable/Godot_v4.6-stable_win64.exe.zip"
url_api = "https://api.github.com/repos/godotengine/godot/releases/assets/346105301"

[[tools.node]]
version = "26.11.1"
backend = "core:node"
specifiers = ["26"]

[tools.node."platforms.linux-arm64"]
checksum = "sha256:170454fb022f5e9b5f6cc76c25fa32ef5100895be44eb04e92f9780591491bbf"
url = "https://nodejs.org/dist/v26.11.1/node-v26.11.1-linux-arm64.tar.gz"

[tools.node."platforms.linux-arm64-musl"]
checksum = "sha256:5ac42d71176924d34be570c85567c729cc9283294d3fd710011851510b30c9d1"
url = "https://unofficial-builds.nodejs.org/download/release/v26.11.1/node-v26.11.1-linux-arm64-musl.tar.gz"

[tools.node."platforms.linux-x64"]
checksum = "sha256:15fc043a51a5783f2f4b634561091658f5a7f0e3db03f997dca3a8033a33e45b"
url = "https://nodejs.org/dist/v26.11.1/node-v26.11.1-linux-x64.tar.gz"

[tools.node."platforms.linux-x64-musl"]
checksum = "sha256:dc822f43a55877e060b9e16702019c91deb9684310fa47ea4e9bdab0f2146366"
url = "https://unofficial-builds.nodejs.org/download/release/v26.11.1/node-v26.11.1-linux-x64-musl.tar.gz"

[tools.node."platforms.macos-arm64"]
checksum = "sha256:d916511b55965e91be7a88e17f88d895b6793ceaba3e6c9b194aefe51c2c65ac"
url = "https://nodejs.org/dist/v26.11.1/node-v26.11.1-darwin-arm64.tar.gz"

[tools.node."platforms.macos-x64"]
checksum = "sha256:9a8129bd9ab08039793dd1143a7aedee6b5d60ac06592ad938d8bddf36142f3a"
url = "https://nodejs.org/dist/v26.11.1/node-v26.11.1-darwin-x64.tar.gz"

[tools.node."platforms.windows-arm64"]
checksum = "sha256:8dd03add3ed431eb436306f9abe946434bce928d2bf967b04117dc3755051208"
url = "https://nodejs.org/dist/v26.11.1/node-v26.11.1-win-arm64.zip"

[tools.node."platforms.windows-x64"]
checksum = "sha256:97f36a8a9684ff0d3e35758b4610fef5b628a5880e96f2ccc11240e5daf9934e"
url = "https://nodejs.org/dist/v26.11.1/node-v26.11.1-win-x64.zip"

[[tools.pnpm]]
version = "12.11.2"
backend = "aqua:pnpm/pnpm"
specifiers = ["latest"]

[tools.pnpm."platforms.linux-arm64"]
checksum = "sha256:ad444fa06d7ff344d74ba1e4933f2ed71cc6357cc2d33707a5c60958b7d83085"
url = "https://github.com/pnpm/pnpm/releases/download/v12.11.2/pnpm-linux-arm64.tar.gz"
url_api = "https://api.github.com/repos/pnpm/pnpm/releases/assets/625613171"
provenance = "github-attestations"

[tools.pnpm."platforms.linux-arm64-musl"]
checksum = "sha256:abf111d90e1ab8bc1485f853bf83f6e86b028ab5badc393203014e50c4a1cf7d"
url = "https://github.com/pnpm/pnpm/releases/download/v12.11.2/pnpm-linux-arm64-musl.tar.gz"
url_api = "https://api.github.com/repos/pnpm/pnpm/releases/assets/625613170"
provenance = "github-attestations"

[tools.pnpm."platforms.linux-x64"]
checksum = "sha256:358f30541b42371360c0d48a8daddc0c0850a90c36fcbea598032a9850e2c9ab"
url = "https://github.com/pnpm/pnpm/releases/download/v12.11.2/pnpm-linux-x64.tar.gz"
url_api = "https://api.github.com/repos/pnpm/pnpm/releases/assets/625613177"
provenance = "github-attestations"

[tools.pnpm."platforms.linux-x64-musl"]
checksum = "sha256:64e35fe0854494dc56c24311d97f13cfe73fcfd8e3cb65b7c0f5c359da6a0fd8"
url = "https://github.com/pnpm/pnpm/releases/download/v12.11.2/pnpm-linux-x64-musl.tar.gz"
url_api = "https://api.github.com/repos/pnpm/pnpm/releases/assets/625613182"
provenance = "github-attestations"

[tools.pnpm."platforms.macos-arm64"]
checksum = "sha256:2f4701dbd4a7b81827789e94225272355fcc17c4eb9f5add08ed26f943003b67"
url = "https://github.com/pnpm/pnpm/releases/download/v12.11.2/pnpm-darwin-arm64.tar.gz"
url_api = "https://api.github.com/repos/pnpm/pnpm/releases/assets/625613178"
provenance = "github-attestations"

[tools.pnpm."platforms.macos-x64"]
checksum = "sha256:409f9754f68500719db9b17bd750d091790f1d846f61707b4716c73110f5de52"
url = "https://github.com/pnpm/pnpm/releases/download/v12.11.2/pnpm-darwin-x64.tar.gz"
url_api = "https://api.github.com/repos/pnpm/pnpm/releases/assets/625613179"
provenance = "github-attestations"

[tools.pnpm."platforms.windows-arm64"]
checksum = "sha256:550c8167a14c7f25e156c6fd14196cb440c0f05210ccb618ad904dc42dc90f6c"
url = "https://github.com/pnpm/pnpm/releases/download/v12.11.2/pnpm-win32-arm64.zip"
url_api = "https://api.github.com/repos/pnpm/pnpm/releases/assets/625613185"
provenance = "github-attestations"

[tools.pnpm."platforms.windows-x64"]
checksum = "sha256:66cac6b725bfc75fadac959fc435821048558adb50b89c82d0d2d5e57465a1dd"
url = "https://github.com/pnpm/pnpm/releases/download/v12.11.2/pnpm-win32-x64.zip"
url_api = "https://api.github.com/repos/pnpm/pnpm/releases/assets/625613173"
provenance = "github-attestations"

[[tools.rust]]
version = "nightly-2026-10-10"
backend = "core:rust"
specifiers = ["nightly"]

[tools.rust.options]
components = "clippy,rustfmt"
